
Microsoft Visual Studio Solution File, Format Version 12.00
# Visual Studio 14
VisualStudioVersion = 14.0.25420.1
MinimumVisualStudioVersion = 10.0.40219.1
Project("{8BC9CEB8-8B4A-11D0-8D11-00A0C91BC942}") = "mex_ndtable", "mex_ndtable\mex_ndtable.vcxproj", "{F6C630A3-E6D2-4912-B997-D2AD5B4664DF}"
EndProject
Project("{8BC9CEB8-8B4A-11D0-8D11-00A0C91BC942}") = "sfun_ndtable", "sfun_ndtable\sfun_ndtable.vcxproj", "{F53F21B9-8FE5-4806-955C-DEF74C2E1813}"
EndProject
Global
	GlobalSection(SolutionConfigurationPlatforms) = preSolution
		Debug|x64 = Debug|x64
		Debug|x86 = Debug|x86
		Release|x64 = Release|x64
		Release|x86 = Release|x86
	EndGlobalSection
	GlobalSection(ProjectConfigurationPlatforms) = postSolution
		{F6C630A3-E6D2-4912-B997-D2AD5B4664DF}.Debug|x64.ActiveCfg = Debug|x64
		{F6C630A3-E6D2-4912-B997-D2AD5B4664DF}.Debug|x64.Build.0 = Debug|x64
		{F6C630A3-E6D2-4912-B997-D2AD5B4664DF}.Debug|x86.ActiveCfg = Debug|Win32
		{F6C630A3-E6D2-4912-B997-D2AD5B4664DF}.Debug|x86.Build.0 = Debug|Win32
		{F6C630A3-E6D2-4912-B997-D2AD5B4664DF}.Release|x64.ActiveCfg = Release|x64
		{F6C630A3-E6D2-4912-B997-D2AD5B4664DF}.Release|x64.Build.0 = Release|x64
		{F6C630A3-E6D2-4912-B997-D2AD5B4664DF}.Release|x86.ActiveCfg = Release|Win32
		{F6C630A3-E6D2-4912-B997-D2AD5B4664DF}.Release|x86.Build.0 = Release|Win32
		{F53F21B9-8FE5-4806-955C-DEF74C2E1813}.Debug|x64.ActiveCfg = Debug|x64
		{F53F21B9-8FE5-4806-955C-DEF74C2E1813}.Debug|x64.Build.0 = Debug|x64
		{F53F21B9-8FE5-4806-955C-DEF74C2E1813}.Debug|x86.ActiveCfg = Debug|Win32
		{F53F21B9-8FE5-4806-955C-DEF74C2E1813}.Debug|x86.Build.0 = Debug|Win32
		{F53F21B9-8FE5-4806-955C-DEF74C2E1813}.Release|x64.ActiveCfg = Release|x64
		{F53F21B9-8FE5-4806-955C-DEF74C2E1813}.Release|x64.Build.0 = Release|x64
		{F53F21B9-8FE5-4806-955C-DEF74C2E1813}.Release|x86.ActiveCfg = Release|Win32
		{F53F21B9-8FE5-4806-955C-DEF74C2E1813}.Release|x86.Build.0 = Release|Win32
	EndGlobalSection
	GlobalSection(SolutionProperties) = preSolution
		HideSolutionNode = FALSE
	EndGlobalSection
EndGlobal
